
Microsoft Visual Studio Solution File, Format Version 12.00
# Visual Studio Version 17
VisualStudioVersion = 17.3.32825.248
MinimumVisualStudioVersion = 10.0.40219.1
Project("{FAE04EC0-301F-11D3-BF4B-00C04F79EFBC}") = "AspRoutingDependsApp", "AspRoutingDependsApp.csproj", "{2872378A-DFF4-46A6-94A9-8B740AF1562A}"
EndProject
Global
	GlobalSection(SolutionConfigurationPlatforms) = preSolution
		Debug|Any CPU = Debug|Any CPU
		Release|Any CPU = Release|Any CPU
	EndGlobalSection
	GlobalSection(ProjectConfigurationPlatforms) = postSolution
		{2872378A-DFF4-46A6-94A9-8B740AF1562A}.Debug|Any CPU.ActiveCfg = Debug|Any CPU
		{2872378A-DFF4-46A6-94A9-8B740AF1562A}.Debug|Any CPU.Build.0 = Debug|Any CPU
		{2872378A-DFF4-46A6-94A9-8B740AF1562A}.Release|Any CPU.ActiveCfg = Release|Any CPU
		{2872378A-DFF4-46A6-94A9-8B740AF1562A}.Release|Any CPU.Build.0 = Release|Any CPU
	EndGlobalSection
	GlobalSection(SolutionProperties) = preSolution
		HideSolutionNode = FALSE
	EndGlobalSection
	GlobalSection(ExtensibilityGlobals) = postSolution
		SolutionGuid = {9B8F53A1-7F19-418D-AF70-D05A7C760825}
	EndGlobalSection
EndGlobal
